
Microsoft Visual Studio Solution File, Format Version 12.00
# Visual Studio Version 16
VisualStudioVersion = 16.0.31025.194
MinimumVisualStudioVersion = 10.0.40219.1
Project("{9A19103F-16F7-4668-BE54-9A1E7A4F7556}") = "MysteryBoxesGame", "Mystery Boxes Game\MysteryBoxesGame.csproj", "{1C64D829-C2B1-412A-906C-BF832A21C659}"
EndProject
Global
	GlobalSection(SolutionConfigurationPlatforms) = preSolution
		Debug|Any CPU = Debug|Any CPU
		Release|Any CPU = Release|Any CPU
	EndGlobalSection
	GlobalSection(ProjectConfigurationPlatforms) = postSolution
		{1C64D829-C2B1-412A-906C-BF832A21C659}.Debug|Any CPU.ActiveCfg = Debug|Any CPU
		{1C64D829-C2B1-412A-906C-BF832A21C659}.Debug|Any CPU.Build.0 = Debug|Any CPU
		{1C64D829-C2B1-412A-906C-BF832A21C659}.Release|Any CPU.ActiveCfg = Release|Any CPU
		{1C64D829-C2B1-412A-906C-BF832A21C659}.Release|Any CPU.Build.0 = Release|Any CPU
	EndGlobalSection
	GlobalSection(SolutionProperties) = preSolution
		HideSolutionNode = FALSE
	EndGlobalSection
	GlobalSection(ExtensibilityGlobals) = postSolution
		SolutionGuid = {C5F36803-EDBE-4556-BEF4-D95F7392CF3D}
	EndGlobalSection
EndGlobal
